Microsoft Visual Studio Solution File, Format Version 12.00
# Visual Studio 2017
Project("{FAE04EC0-301F-11D3-BF4B-00C04F79EFBC}") = "B3013", "B3013\B3013.csproj", "{44840A17-BD64-484A-B1C4-96555EFB53C1}"
EndProject
Global
	GlobalSection(SolutionConfigurationPlatforms) = preSolution
		Debug|Any CPU = Debug|Any CPU
		Release|Any CPU = Release|Any CPU
	EndGlobalSection
	GlobalSection(ProjectConfigurationPlatforms) = postSolution
		{44840A17-BD64-484A-B1C4-96555EFB53C1}.Debug|Any CPU.ActiveCfg = Debug|Any CPU
		{44840A17-BD64-484A-B1C4-96555EFB53C1}.Debug|Any CPU.Build.0 = Debug|Any CPU
		{44840A17-BD64-484A-B1C4-96555EFB53C1}.Release|Any CPU.ActiveCfg = Release|Any CPU
		{44840A17-BD64-484A-B1C4-96555EFB53C1}.Release|Any CPU.Build.0 = Release|Any CPU
	EndGlobalSection
	GlobalSection(SolutionProperties) = preSolution
		HideSolutionNode = FALSE
	EndGlobalSection
EndGlobal
