Microsoft Visual Studio Solution File, Format Version 12.00
# Visual Studio 2017
Project("{F184B08F-C81C-45F6-A57F-5ABD9991F28F}") = "B3013", "B3013\B3013.vbproj", "{44840A17-BD64-484A-B1C4-96555EFB53C1}"
EndProject
Global
	GlobalSection(SolutionConfigurationPlatforms) = preSolution
		Debug|Any CPU = Debug|Any CPU
		Release|Any CPU = Release|Any CPU
	EndGlobalSection
	GlobalSection(ProjectConfigurationPlatforms) = postSolution
		{44840A17-BD64-484A-B1C4-96555EFB53C1}.Debug|Any CPU.ActiveCfg = Debug|Any CPU
		{44840A17-BD64-484A-B1C4-96555EFB53C1}.Debug|Any CPU.Build.0 = Debug|Any CPU
		{44840A17-BD64-484A-B1C4-96555EFB53C1}.Release|Any CPU.ActiveCfg = Release|Any CPU
		{44840A17-BD64-484A-B1C4-96555EFB53C1}.Release|Any CPU.Build.0 = Release|Any CPU
	EndGlobalSection
	GlobalSection(SolutionProperties) = preSolution
		HideSolutionNode = FALSE
	EndGlobalSection
EndGlobal
